
Microsoft Visual Studio Solution File, Format Version 12.00
# Visual Studio Version 17
VisualStudioVersion = 17.14.36310.24 d17.14
MinimumVisualStudioVersion = 10.0.40219.1
Project("{FAE04EC0-301F-11D3-BF4B-00C04F79EFBC}") = "Factory Method", "Factory Method\Factory Method.csproj", "{7EEC4F6B-E68A-42A5-BB23-AEE274D400BF}"
EndProject
Global
	GlobalSection(SolutionConfigurationPlatforms) = preSolution
		Debug|Any CPU = Debug|Any CPU
		Release|Any CPU = Release|Any CPU
	EndGlobalSection
	GlobalSection(ProjectConfigurationPlatforms) = postSolution
		{7EEC4F6B-E68A-42A5-BB23-AEE274D400BF}.Debug|Any CPU.ActiveCfg = Debug|Any CPU
		{7EEC4F6B-E68A-42A5-BB23-AEE274D400BF}.Debug|Any CPU.Build.0 = Debug|Any CPU
		{7EEC4F6B-E68A-42A5-BB23-AEE274D400BF}.Release|Any CPU.ActiveCfg = Release|Any CPU
		{7EEC4F6B-E68A-42A5-BB23-AEE274D400BF}.Release|Any CPU.Build.0 = Release|Any CPU
	EndGlobalSection
	GlobalSection(SolutionProperties) = preSolution
		HideSolutionNode = FALSE
	EndGlobalSection
	GlobalSection(ExtensibilityGlobals) = postSolution
		SolutionGuid = {B776BB54-55BC-4733-9664-C0B45B5C79FE}
	EndGlobalSection
EndGlobal
