
Microsoft Visual Studio Solution File, Format Version 12.00
# Visual Studio Version 17
VisualStudioVersion = 17.14.36310.24 d17.14
MinimumVisualStudioVersion = 10.0.40219.1
Project("{FAE04EC0-301F-11D3-BF4B-00C04F79EFBC}") = "Decorator", "Decorator\Decorator.csproj", "{D551AF65-CE50-492B-B5C5-BA354268E21B}"
EndProject
Global
	GlobalSection(SolutionConfigurationPlatforms) = preSolution
		Debug|Any CPU = Debug|Any CPU
		Release|Any CPU = Release|Any CPU
	EndGlobalSection
	GlobalSection(ProjectConfigurationPlatforms) = postSolution
		{D551AF65-CE50-492B-B5C5-BA354268E21B}.Debug|Any CPU.ActiveCfg = Debug|Any CPU
		{D551AF65-CE50-492B-B5C5-BA354268E21B}.Debug|Any CPU.Build.0 = Debug|Any CPU
		{D551AF65-CE50-492B-B5C5-BA354268E21B}.Release|Any CPU.ActiveCfg = Release|Any CPU
		{D551AF65-CE50-492B-B5C5-BA354268E21B}.Release|Any CPU.Build.0 = Release|Any CPU
	EndGlobalSection
	GlobalSection(SolutionProperties) = preSolution
		HideSolutionNode = FALSE
	EndGlobalSection
	GlobalSection(ExtensibilityGlobals) = postSolution
		SolutionGuid = {8AFD3D5B-4762-4B31-8465-FE2CFE986CB2}
	EndGlobalSection
EndGlobal
