
Microsoft Visual Studio Solution File, Format Version 12.00
# Visual Studio Version 17
VisualStudioVersion = 17.14.36310.24 d17.14
MinimumVisualStudioVersion = 10.0.40219.1
Project("{FAE04EC0-301F-11D3-BF4B-00C04F79EFBC}") = "Facade", "Facade\Facade.csproj", "{34EFD88D-8323-44D9-BA25-F1A2A63CF18E}"
EndProject
Global
	GlobalSection(SolutionConfigurationPlatforms) = preSolution
		Debug|Any CPU = Debug|Any CPU
		Release|Any CPU = Release|Any CPU
	EndGlobalSection
	GlobalSection(ProjectConfigurationPlatforms) = postSolution
		{34EFD88D-8323-44D9-BA25-F1A2A63CF18E}.Debug|Any CPU.ActiveCfg = Debug|Any CPU
		{34EFD88D-8323-44D9-BA25-F1A2A63CF18E}.Debug|Any CPU.Build.0 = Debug|Any CPU
		{34EFD88D-8323-44D9-BA25-F1A2A63CF18E}.Release|Any CPU.ActiveCfg = Release|Any CPU
		{34EFD88D-8323-44D9-BA25-F1A2A63CF18E}.Release|Any CPU.Build.0 = Release|Any CPU
	EndGlobalSection
	GlobalSection(SolutionProperties) = preSolution
		HideSolutionNode = FALSE
	EndGlobalSection
	GlobalSection(ExtensibilityGlobals) = postSolution
		SolutionGuid = {49F80C44-B0D6-4EC5-A03C-2386EC12FA84}
	EndGlobalSection
EndGlobal
