
Microsoft Visual Studio Solution File, Format Version 12.00
# Visual Studio Version 17
VisualStudioVersion = 17.14.36310.24 d17.14
MinimumVisualStudioVersion = 10.0.40219.1
Project("{FAE04EC0-301F-11D3-BF4B-00C04F79EFBC}") = "Builder", "Builder\Builder.csproj", "{161CF01F-8B6F-46D3-8777-057C9208CA2D}"
EndProject
Global
	GlobalSection(SolutionConfigurationPlatforms) = preSolution
		Debug|Any CPU = Debug|Any CPU
		Release|Any CPU = Release|Any CPU
	EndGlobalSection
	GlobalSection(ProjectConfigurationPlatforms) = postSolution
		{161CF01F-8B6F-46D3-8777-057C9208CA2D}.Debug|Any CPU.ActiveCfg = Debug|Any CPU
		{161CF01F-8B6F-46D3-8777-057C9208CA2D}.Debug|Any CPU.Build.0 = Debug|Any CPU
		{161CF01F-8B6F-46D3-8777-057C9208CA2D}.Release|Any CPU.ActiveCfg = Release|Any CPU
		{161CF01F-8B6F-46D3-8777-057C9208CA2D}.Release|Any CPU.Build.0 = Release|Any CPU
	EndGlobalSection
	GlobalSection(SolutionProperties) = preSolution
		HideSolutionNode = FALSE
	EndGlobalSection
	GlobalSection(ExtensibilityGlobals) = postSolution
		SolutionGuid = {88B9BD87-7687-49D8-92A2-FA6B625FE248}
	EndGlobalSection
EndGlobal
